# This file is automatically @generated by Cargo.
# It is not intended for manual editing.
version = 3

[[package]]
name = "aoc_shared"
version = "0.4.0"
source = "git+https://github.com/dwalker109/aoc-shared#204cd0cb0218328082341760ceac2cc8282a9e34"

[[package]]
name = "day01"
version = "0.1.0"
dependencies = [
 "aoc_shared",
]

[[package]]
name = "day02"
version = "0.1.0"
dependencies = [
 "aoc_shared",
]

[[package]]
name = "day03"
version = "0.1.0"
dependencies = [
 "aoc_shared",
]

[[package]]
name = "day04"
version = "0.1.0"
dependencies = [
 "aoc_shared",
]

[[package]]
name = "day05"
version = "0.1.0"
dependencies = [
 "aoc_shared",
]

[[package]]
name = "day06"
version = "0.1.0"
dependencies = [
 "aoc_shared",
]

[[package]]
name = "day07"
version = "0.1.0"
dependencies = [
 "aoc_shared",
]

[[package]]
name = "day08"
version = "0.1.0"
dependencies = [
 "aoc_shared",
]

[[package]]
name = "day09"
version = "0.1.0"
dependencies = [
 "aoc_shared",
]

[[package]]
name = "day10"
version = "0.1.0"
dependencies = [
 "aoc_shared",
]

[[package]]
name = "day11"
version = "0.1.0"
dependencies = [
 "aoc_shared",
]

[[package]]
name = "day12"
version = "0.1.0"
dependencies = [
 "aoc_shared",
]

[[package]]
name = "day13"
version = "0.1.0"
dependencies = [
 "aoc_shared",
]

[[package]]
name = "day14"
version = "0.1.0"
dependencies = [
 "aoc_shared",
]

[[package]]
name = "day15"
version = "0.1.0"
dependencies = [
 "aoc_shared",
]

[[package]]
name = "day16"
version = "0.1.0"
dependencies = [
 "aoc_shared",
]

[[package]]
name = "day17"
version = "0.1.0"
dependencies = [
 "aoc_shared",
]

[[package]]
name = "day18"
version = "0.1.0"
dependencies = [
 "aoc_shared",
]

[[package]]
name = "day19"
version = "0.1.0"
dependencies = [
 "aoc_shared",
]

[[package]]
name = "day20"
version = "0.1.0"
dependencies = [
 "aoc_shared",
]

[[package]]
name = "day21"
version = "0.1.0"
dependencies = [
 "aoc_shared",
]

[[package]]
name = "day22"
version = "0.1.0"
dependencies = [
 "aoc_shared",
]

[[package]]
name = "day23"
version = "0.1.0"
dependencies = [
 "aoc_shared",
]
